// !$*UTF8*$!
{
	archiveVersion = 1;
	classes = {
	};
	objectVersion = 50;
	objects = {

/* Begin PBXBuildFile section */
		4B3326EB0391B31B662B0917 /* Pods_SSGenderSwitchUITests.framework in Frameworks */ = {isa = PBXBuildFile; fileRef = 0EB3CFB4E98975B67B5836EF /* Pods_SSGenderSwitchUITests.framework */; };
		59A6C5779927D279789E43B5 /* Pods_SSGenderSwitch.framework in Frameworks */ = {isa = PBXBuildFile; fileRef = FCBA094FE04FD732784697EB /* Pods_SSGenderSwitch.framework */; };
		9EEF54632208771900F4A7FA /* AppDelegate.swift in Sources */ = {isa = PBXBuildFile; fileRef = 9EEF54622208771900F4A7FA /* AppDelegate.swift */; };
		9EEF54652208771900F4A7FA /* ViewController.swift in Sources */ = {isa = PBXBuildFile; fileRef = 9EEF54642208771900F4A7FA /* ViewController.swift */; };
		9EEF54682208771900F4A7FA /* Main.storyboard in Resources */ = {isa = PBXBuildFile; fileRef = 9EEF54662208771900F4A7FA /* Main.storyboard */; };
		9EEF546A2208771B00F4A7FA /* Assets.xcassets in Resources */ = {isa = PBXBuildFile; fileRef = 9EEF54692208771B00F4A7FA /* Assets.xcassets */; };
		9EEF546D2208771B00F4A7FA /* LaunchScreen.storyboard in Resources */ = {isa = PBXBuildFile; fileRef = 9EEF546B2208771B00F4A7FA /* LaunchScreen.storyboard */; };
		9EEF54782208771B00F4A7FA /* SSGenderSwitchTests.swift in Sources */ = {isa = PBXBuildFile; fileRef = 9EEF54772208771B00F4A7FA /* SSGenderSwitchTests.swift */; };
		9EEF54832208771B00F4A7FA /* SSGenderSwitchUITests.swift in Sources */ = {isa = PBXBuildFile; fileRef = 9EEF54822208771B00F4A7FA /* SSGenderSwitchUITests.swift */; };
		9EEF54922208774E00F4A7FA /* SSGenderSwitch.swift in Sources */ = {isa = PBXBuildFile; fileRef = 9EEF54912208774E00F4A7FA /* SSGenderSwitch.swift */; };
		BAA70F2C3E81B0C83BA6A933 /* Pods_SSGenderSwitchTests.framework in Frameworks */ = {isa = PBXBuildFile; fileRef = 53CE59C9019BB49713E88B32 /* Pods_SSGenderSwitchTests.framework */; };
/* End PBXBuildFile section */

/* Begin PBXContainerItemProxy section */
		9EEF54742208771B00F4A7FA /* PBXContainerItemProxy */ = {
			isa = PBXContainerItemProxy;
			containerPortal = 9EEF54572208771900F4A7FA /* Project object */;
			proxyType = 1;
			remoteGlobalIDString = 9EEF545E2208771900F4A7FA;
			remoteInfo = SSGenderSwitch;
		};
		9EEF547F2208771B00F4A7FA /* PBXContainerItemProxy */ = {
			isa = PBXContainerItemProxy;
			containerPortal = 9EEF54572208771900F4A7FA /* Project object */;
			proxyType = 1;
			remoteGlobalIDString = 9EEF545E2208771900F4A7FA;
			remoteInfo = SSGenderSwitch;
		};
/* End PBXContainerItemProxy section */

/* Begin PBXFileReference section */
		0EB3CFB4E98975B67B5836EF /* Pods_SSGenderSwitchUITests.framework */ = {isa = PBXFileReference; explicitFileType = wrapper.framework; includeInIndex = 0; path = Pods_SSGenderSwitchUITests.framework; sourceTree = BUILT_PRODUCTS_DIR; };
		22473768D11F08773009CBE8 /* Pods-SSGenderSwitch.debug.xcconfig */ = {isa = PBXFileReference; includeInIndex = 1; lastKnownFileType = text.xcconfig; name = "Pods-SSGenderSwitch.debug.xcconfig"; path = "Pods/Target Support Files/Pods-SSGenderSwitch/Pods-SSGenderSwitch.debug.xcconfig"; sourceTree = "<group>"; };
		53CE59C9019BB49713E88B32 /* Pods_SSGenderSwitchTests.framework */ = {isa = PBXFileReference; explicitFileType = wrapper.framework; includeInIndex = 0; path = Pods_SSGenderSwitchTests.framework; sourceTree = BUILT_PRODUCTS_DIR; };
		5A9BE2CCD303217D427FDF4B /* Pods-SSGenderSwitch.release.xcconfig */ = {isa = PBXFileReference; includeInIndex = 1; lastKnownFileType = text.xcconfig; name = "Pods-SSGenderSwitch.release.xcconfig"; path = "Pods/Target Support Files/Pods-SSGenderSwitch/Pods-SSGenderSwitch.release.xcconfig"; sourceTree = "<group>"; };
		76C5BCF20CBFCF07E2DC89EB /* Pods-SSGenderSwitchUITests.release.xcconfig */ = {isa = PBXFileReference; includeInIndex = 1; lastKnownFileType = text.xcconfig; name = "Pods-SSGenderSwitchUITests.release.xcconfig"; path = "Pods/Target Support Files/Pods-SSGenderSwitchUITests/Pods-SSGenderSwitchUITests.release.xcconfig"; sourceTree = "<group>"; };
		8AE7BFB500EB1FCCB86942D6 /* Pods-SSGenderSwitchTests.debug.xcconfig */ = {isa = PBXFileReference; includeInIndex = 1; lastKnownFileType = text.xcconfig; name = "Pods-SSGenderSwitchTests.debug.xcconfig"; path = "Pods/Target Support Files/Pods-SSGenderSwitchTests/Pods-SSGenderSwitchTests.debug.xcconfig"; sourceTree = "<group>"; };
		9EEF545F2208771900F4A7FA /* SSGenderSwitch.app */ = {isa = PBXFileReference; explicitFileType = wrapper.application; includeInIndex = 0; path = SSGenderSwitch.app; sourceTree = BUILT_PRODUCTS_DIR; };
		9EEF54622208771900F4A7FA /* AppDelegate.swift */ = {isa = PBXFileReference; lastKnownFileType = sourcecode.swift; path = AppDelegate.swift; sourceTree = "<group>"; };
		9EEF54642208771900F4A7FA /* ViewController.swift */ = {isa = PBXFileReference; lastKnownFileType = sourcecode.swift; path = ViewController.swift; sourceTree = "<group>"; };
		9EEF54672208771900F4A7FA /* Base */ = {isa = PBXFileReference; lastKnownFileType = file.storyboard; name = Base; path = Base.lproj/Main.storyboard; sourceTree = "<group>"; };
		9EEF54692208771B00F4A7FA /* Assets.xcassets */ = {isa = PBXFileReference; lastKnownFileType = folder.assetcatalog; path = Assets.xcassets; sourceTree = "<group>"; };
		9EEF546C2208771B00F4A7FA /* Base */ = {isa = PBXFileReference; lastKnownFileType = file.storyboard; name = Base; path = Base.lproj/LaunchScreen.storyboard; sourceTree = "<group>"; };
		9EEF546E2208771B00F4A7FA /* Info.plist */ = {isa = PBXFileReference; lastKnownFileType = text.plist.xml; path = Info.plist; sourceTree = "<group>"; };
		9EEF54732208771B00F4A7FA /* SSGenderSwitchTests.xctest */ = {isa = PBXFileReference; explicitFileType = wrapper.cfbundle; includeInIndex = 0; path = SSGenderSwitchTests.xctest; sourceTree = BUILT_PRODUCTS_DIR; };
		9EEF54772208771B00F4A7FA /* SSGenderSwitchTests.swift */ = {isa = PBXFileReference; lastKnownFileType = sourcecode.swift; path = SSGenderSwitchTests.swift; sourceTree = "<group>"; };
		9EEF54792208771B00F4A7FA /* Info.plist */ = {isa = PBXFileReference; lastKnownFileType = text.plist.xml; path = Info.plist; sourceTree = "<group>"; };
		9EEF547E2208771B00F4A7FA /* SSGenderSwitchUITests.xctest */ = {isa = PBXFileReference; explicitFileType = wrapper.cfbundle; includeInIndex = 0; path = SSGenderSwitchUITests.xctest; sourceTree = BUILT_PRODUCTS_DIR; };
		9EEF54822208771B00F4A7FA /* SSGenderSwitchUITests.swift */ = {isa = PBXFileReference; lastKnownFileType = sourcecode.swift; path = SSGenderSwitchUITests.swift; sourceTree = "<group>"; };
		9EEF54842208771B00F4A7FA /* Info.plist */ = {isa = PBXFileReference; lastKnownFileType = text.plist.xml; path = Info.plist; sourceTree = "<group>"; };
		9EEF54912208774E00F4A7FA /* SSGenderSwitch.swift */ = {isa = PBXFileReference; fileEncoding = 4; lastKnownFileType = sourcecode.swift; path = SSGenderSwitch.swift; sourceTree = "<group>"; };
		AE512F3E59E1D782769D5EF7 /* Pods-SSGenderSwitchTests.release.xcconfig */ = {isa = PBXFileReference; includeInIndex = 1; lastKnownFileType = text.xcconfig; name = "Pods-SSGenderSwitchTests.release.xcconfig"; path = "Pods/Target Support Files/Pods-SSGenderSwitchTests/Pods-SSGenderSwitchTests.release.xcconfig"; sourceTree = "<group>"; };
		FC60FB6C09DA6394C38E8F27 /* Pods-SSGenderSwitchUITests.debug.xcconfig */ = {isa = PBXFileReference; includeInIndex = 1; lastKnownFileType = text.xcconfig; name = "Pods-SSGenderSwitchUITests.debug.xcconfig"; path = "Pods/Target Support Files/Pods-SSGenderSwitchUITests/Pods-SSGenderSwitchUITests.debug.xcconfig"; sourceTree = "<group>"; };
		FCBA094FE04FD732784697EB /* Pods_SSGenderSwitch.framework */ = {isa = PBXFileReference; explicitFileType = wrapper.framework; includeInIndex = 0; path = Pods_SSGenderSwitch.framework; sourceTree = BUILT_PRODUCTS_DIR; };
/* End PBXFileReference section */

/* Begin PBXFrameworksBuildPhase section */
		9EEF545C2208771900F4A7FA /* Frameworks */ = {
			isa = PBXFrameworksBuildPhase;
			buildActionMask = 2147483647;
			files = (
				59A6C5779927D279789E43B5 /* Pods_SSGenderSwitch.framework in Frameworks */,
			);
			runOnlyForDeploymentPostprocessing = 0;
		};
		9EEF54702208771B00F4A7FA /* Frameworks */ = {
			isa = PBXFrameworksBuildPhase;
			buildActionMask = 2147483647;
			files = (
				BAA70F2C3E81B0C83BA6A933 /* Pods_SSGenderSwitchTests.framework in Frameworks */,
			);
			runOnlyForDeploymentPostprocessing = 0;
		};
		9EEF547B2208771B00F4A7FA /* Frameworks */ = {
			isa = PBXFrameworksBuildPhase;
			buildActionMask = 2147483647;
			files = (
				4B3326EB0391B31B662B0917 /* Pods_SSGenderSwitchUITests.framework in Frameworks */,
			);
			runOnlyForDeploymentPostprocessing = 0;
		};
/* End PBXFrameworksBuildPhase section */

/* Begin PBXGroup section */
		82F43291F00C2B5308A7C5F5 /* Frameworks */ = {
			isa = PBXGroup;
			children = (
				FCBA094FE04FD732784697EB /* Pods_SSGenderSwitch.framework */,
				53CE59C9019BB49713E88B32 /* Pods_SSGenderSwitchTests.framework */,
				0EB3CFB4E98975B67B5836EF /* Pods_SSGenderSwitchUITests.framework */,
			);
			name = Frameworks;
			sourceTree = "<group>";
		};
		90BF15793DA6C89381E76428 /* Pods */ = {
			isa = PBXGroup;
			children = (
				22473768D11F08773009CBE8 /* Pods-SSGenderSwitch.debug.xcconfig */,
				5A9BE2CCD303217D427FDF4B /* Pods-SSGenderSwitch.release.xcconfig */,
				8AE7BFB500EB1FCCB86942D6 /* Pods-SSGenderSwitchTests.debug.xcconfig */,
				AE512F3E59E1D782769D5EF7 /* Pods-SSGenderSwitchTests.release.xcconfig */,
				FC60FB6C09DA6394C38E8F27 /* Pods-SSGenderSwitchUITests.debug.xcconfig */,
				76C5BCF20CBFCF07E2DC89EB /* Pods-SSGenderSwitchUITests.release.xcconfig */,
			);
			name = Pods;
			sourceTree = "<group>";
		};
		9EEF54562208771900F4A7FA = {
			isa = PBXGroup;
			children = (
				9EEF54612208771900F4A7FA /* SSGenderSwitch */,
				9EEF54762208771B00F4A7FA /* SSGenderSwitchTests */,
				9EEF54812208771B00F4A7FA /* SSGenderSwitchUITests */,
				9EEF54602208771900F4A7FA /* Products */,
				90BF15793DA6C89381E76428 /* Pods */,
				82F43291F00C2B5308A7C5F5 /* Frameworks */,
			);
			sourceTree = "<group>";
		};
		9EEF54602208771900F4A7FA /* Products */ = {
			isa = PBXGroup;
			children = (
				9EEF545F2208771900F4A7FA /* SSGenderSwitch.app */,
				9EEF54732208771B00F4A7FA /* SSGenderSwitchTests.xctest */,
				9EEF547E2208771B00F4A7FA /* SSGenderSwitchUITests.xctest */,
			);
			name = Products;
			sourceTree = "<group>";
		};
		9EEF54612208771900F4A7FA /* SSGenderSwitch */ = {
			isa = PBXGroup;
			children = (
				9EEF54902208774E00F4A7FA /* SSGenderSwitch */,
				9EEF54622208771900F4A7FA /* AppDelegate.swift */,
				9EEF54642208771900F4A7FA /* ViewController.swift */,
				9EEF54662208771900F4A7FA /* Main.storyboard */,
				9EEF54692208771B00F4A7FA /* Assets.xcassets */,
				9EEF546B2208771B00F4A7FA /* LaunchScreen.storyboard */,
				9EEF546E2208771B00F4A7FA /* Info.plist */,
			);
			path = SSGenderSwitch;
			sourceTree = "<group>";
		};
		9EEF54762208771B00F4A7FA /* SSGenderSwitchTests */ = {
			isa = PBXGroup;
			children = (
				9EEF54772208771B00F4A7FA /* SSGenderSwitchTests.swift */,
				9EEF54792208771B00F4A7FA /* Info.plist */,
			);
			path = SSGenderSwitchTests;
			sourceTree = "<group>";
		};
		9EEF54812208771B00F4A7FA /* SSGenderSwitchUITests */ = {
			isa = PBXGroup;
			children = (
				9EEF54822208771B00F4A7FA /* SSGenderSwitchUITests.swift */,
				9EEF54842208771B00F4A7FA /* Info.plist */,
			);
			path = SSGenderSwitchUITests;
			sourceTree = "<group>";
		};
		9EEF54902208774E00F4A7FA /* SSGenderSwitch */ = {
			isa = PBXGroup;
			children = (
				9EEF54912208774E00F4A7FA /* SSGenderSwitch.swift */,
			);
			path = SSGenderSwitch;
			sourceTree = "<group>";
		};
/* End PBXGroup section */

/* Begin PBXNativeTarget section */
		9EEF545E2208771900F4A7FA /* SSGenderSwitch */ = {
			isa = PBXNativeTarget;
			buildConfigurationList = 9EEF54872208771B00F4A7FA /* Build configuration list for PBXNativeTarget "SSGenderSwitch" */;
			buildPhases = (
				8CB6CCDE1168A10A4DA4FA7B /* [CP] Check Pods Manifest.lock */,
				9EEF545B2208771900F4A7FA /* Sources */,
				9EEF545C2208771900F4A7FA /* Frameworks */,
				9EEF545D2208771900F4A7FA /* Resources */,
				DEF5DBB5B960C5DDD433A04F /* [CP] Embed Pods Frameworks */,
			);
			buildRules = (
			);
			dependencies = (
			);
			name = SSGenderSwitch;
			productName = SSGenderSwitch;
			productReference = 9EEF545F2208771900F4A7FA /* SSGenderSwitch.app */;
			productType = "com.apple.product-type.application";
		};
		9EEF54722208771B00F4A7FA /* SSGenderSwitchTests */ = {
			isa = PBXNativeTarget;
			buildConfigurationList = 9EEF548A2208771B00F4A7FA /* Build configuration list for PBXNativeTarget "SSGenderSwitchTests" */;
			buildPhases = (
				ACFB1BED3FE6CACA0456AA32 /* [CP] Check Pods Manifest.lock */,
				9EEF546F2208771B00F4A7FA /* Sources */,
				9EEF54702208771B00F4A7FA /* Frameworks */,
				9EEF54712208771B00F4A7FA /* Resources */,
			);
			buildRules = (
			);
			dependencies = (
				9EEF54752208771B00F4A7FA /* PBXTargetDependency */,
			);
			name = SSGenderSwitchTests;
			productName = SSGenderSwitchTests;
			productReference = 9EEF54732208771B00F4A7FA /* SSGenderSwitchTests.xctest */;
			productType = "com.apple.product-type.bundle.unit-test";
		};
		9EEF547D2208771B00F4A7FA /* SSGenderSwitchUITests */ = {
			isa = PBXNativeTarget;
			buildConfigurationList = 9EEF548D2208771B00F4A7FA /* Build configuration list for PBXNativeTarget "SSGenderSwitchUITests" */;
			buildPhases = (
				62290CDCC8D852237823F62E /* [CP] Check Pods Manifest.lock */,
				9EEF547A2208771B00F4A7FA /* Sources */,
				9EEF547B2208771B00F4A7FA /* Frameworks */,
				9EEF547C2208771B00F4A7FA /* Resources */,
			);
			buildRules = (
			);
			dependencies = (
				9EEF54802208771B00F4A7FA /* PBXTargetDependency */,
			);
			name = SSGenderSwitchUITests;
			productName = SSGenderSwitchUITests;
			productReference = 9EEF547E2208771B00F4A7FA /* SSGenderSwitchUITests.xctest */;
			productType = "com.apple.product-type.bundle.ui-testing";
		};
/* End PBXNativeTarget section */

/* Begin PBXProject section */
		9EEF54572208771900F4A7FA /* Project object */ = {
			isa = PBXProject;
			attributes = {
				LastSwiftUpdateCheck = 1010;
				LastUpgradeCheck = 1010;
				ORGANIZATIONNAME = "Victor Sebastian";
				TargetAttributes = {
					9EEF545E2208771900F4A7FA = {
						CreatedOnToolsVersion = 10.1;
					};
					9EEF54722208771B00F4A7FA = {
						CreatedOnToolsVersion = 10.1;
						TestTargetID = 9EEF545E2208771900F4A7FA;
					};
					9EEF547D2208771B00F4A7FA = {
						CreatedOnToolsVersion = 10.1;
						TestTargetID = 9EEF545E2208771900F4A7FA;
					};
				};
			};
			buildConfigurationList = 9EEF545A2208771900F4A7FA /* Build configuration list for PBXProject "SSGenderSwitch" */;
			compatibilityVersion = "Xcode 9.3";
			developmentRegion = en;
			hasScannedForEncodings = 0;
			knownRegions = (
				en,
				Base,
			);
			mainGroup = 9EEF54562208771900F4A7FA;
			productRefGroup = 9EEF54602208771900F4A7FA /* Products */;
			projectDirPath = "";
			projectRoot = "";
			targets = (
				9EEF545E2208771900F4A7FA /* SSGenderSwitch */,
				9EEF54722208771B00F4A7FA /* SSGenderSwitchTests */,
				9EEF547D2208771B00F4A7FA /* SSGenderSwitchUITests */,
			);
		};
/* End PBXProject section */

/* Begin PBXResourcesBuildPhase section */
		9EEF545D2208771900F4A7FA /* Resources */ = {
			isa = PBXResourcesBuildPhase;
			buildActionMask = 2147483647;
			files = (
				9EEF546D2208771B00F4A7FA /* LaunchScreen.storyboard in Resources */,
				9EEF546A2208771B00F4A7FA /* Assets.xcassets in Resources */,
				9EEF54682208771900F4A7FA /* Main.storyboard in Resources */,
			);
			runOnlyForDeploymentPostprocessing = 0;
		};
		9EEF54712208771B00F4A7FA /* Resources */ = {
			isa = PBXResourcesBuildPhase;
			buildActionMask = 2147483647;
			files = (
			);
			runOnlyForDeploymentPostprocessing = 0;
		};
		9EEF547C2208771B00F4A7FA /* Resources */ = {
			isa = PBXResourcesBuildPhase;
			buildActionMask = 2147483647;
			files = (
			);
			runOnlyForDeploymentPostprocessing = 0;
		};
/* End PBXResourcesBuildPhase section */

/* Begin PBXShellScriptBuildPhase section */
		62290CDCC8D852237823F62E /* [CP] Check Pods Manifest.lock */ = {
			isa = PBXShellScriptBuildPhase;
			buildActionMask = 2147483647;
			files = (
			);
			inputPaths = (
				"${PODS_PODFILE_DIR_PATH}/Podfile.lock",
				"${PODS_ROOT}/Manifest.lock",
			);
			name = "[CP] Check Pods Manifest.lock";
			outputPaths = (
				"$(DERIVED_FILE_DIR)/Pods-SSGenderSwitchUITests-checkManifestLockResult.txt",
			);
			runOnlyForDeploymentPostprocessing = 0;
			shellPath = /bin/sh;
			shellScript = "diff \"${PODS_PODFILE_DIR_PATH}/Podfile.lock\" \"${PODS_ROOT}/Manifest.lock\" > /dev/null\nif [ $? != 0 ] ; then\n    # print error to STDERR\n    echo \"error: The sandbox is not in sync with the Podfile.lock. Run 'pod install' or update your CocoaPods installation.\" >&2\n    exit 1\nfi\n# This output is used by Xcode 'outputs' to avoid re-running this script phase.\necho \"SUCCESS\" > \"${SCRIPT_OUTPUT_FILE_0}\"\n";
			showEnvVarsInLog = 0;
		};
		8CB6CCDE1168A10A4DA4FA7B /* [CP] Check Pods Manifest.lock */ = {
			isa = PBXShellScriptBuildPhase;
			buildActionMask = 2147483647;
			files = (
			);
			inputPaths = (
				"${PODS_PODFILE_DIR_PATH}/Podfile.lock",
				"${PODS_ROOT}/Manifest.lock",
			);
			name = "[CP] Check Pods Manifest.lock";
			outputPaths = (
				"$(DERIVED_FILE_DIR)/Pods-SSGenderSwitch-checkManifestLockResult.txt",
			);
			runOnlyForDeploymentPostprocessing = 0;
			shellPath = /bin/sh;
			shellScript = "diff \"${PODS_PODFILE_DIR_PATH}/Podfile.lock\" \"${PODS_ROOT}/Manifest.lock\" > /dev/null\nif [ $? != 0 ] ; then\n    # print error to STDERR\n    echo \"error: The sandbox is not in sync with the Podfile.lock. Run 'pod install' or update your CocoaPods installation.\" >&2\n    exit 1\nfi\n# This output is used by Xcode 'outputs' to avoid re-running this script phase.\necho \"SUCCESS\" > \"${SCRIPT_OUTPUT_FILE_0}\"\n";
			showEnvVarsInLog = 0;
		};
		ACFB1BED3FE6CACA0456AA32 /* [CP] Check Pods Manifest.lock */ = {
			isa = PBXShellScriptBuildPhase;
			buildActionMask = 2147483647;
			files = (
			);
			inputPaths = (
				"${PODS_PODFILE_DIR_PATH}/Podfile.lock",
				"${PODS_ROOT}/Manifest.lock",
			);
			name = "[CP] Check Pods Manifest.lock";
			outputPaths = (
				"$(DERIVED_FILE_DIR)/Pods-SSGenderSwitchTests-checkManifestLockResult.txt",
			);
			runOnlyForDeploymentPostprocessing = 0;
			shellPath = /bin/sh;
			shellScript = "diff \"${PODS_PODFILE_DIR_PATH}/Podfile.lock\" \"${PODS_ROOT}/Manifest.lock\" > /dev/null\nif [ $? != 0 ] ; then\n    # print error to STDERR\n    echo \"error: The sandbox is not in sync with the Podfile.lock. Run 'pod install' or update your CocoaPods installation.\" >&2\n    exit 1\nfi\n# This output is used by Xcode 'outputs' to avoid re-running this script phase.\necho \"SUCCESS\" > \"${SCRIPT_OUTPUT_FILE_0}\"\n";
			showEnvVarsInLog = 0;
		};
		DEF5DBB5B960C5DDD433A04F /* [CP] Embed Pods Frameworks */ = {
			isa = PBXShellScriptBuildPhase;
			buildActionMask = 2147483647;
			files = (
			);
			inputPaths = (
				"${SRCROOT}/Pods/Target Support Files/Pods-SSGenderSwitch/Pods-SSGenderSwitch-frameworks.sh",
				"${BUILT_PRODUCTS_DIR}/SSEasyLayout/SSEasyLayout.framework",
			);
			name = "[CP] Embed Pods Frameworks";
			outputPaths = (
				"${TARGET_BUILD_DIR}/${FRAMEWORKS_FOLDER_PATH}/SSEasyLayout.framework",
			);
			runOnlyForDeploymentPostprocessing = 0;
			shellPath = /bin/sh;
			shellScript = "\"${SRCROOT}/Pods/Target Support Files/Pods-SSGenderSwitch/Pods-SSGenderSwitch-frameworks.sh\"\n";
			showEnvVarsInLog = 0;
		};
/* End PBXShellScriptBuildPhase section */

/* Begin PBXSourcesBuildPhase section */
		9EEF545B2208771900F4A7FA /* Sources */ = {
			isa = PBXSourcesBuildPhase;
			buildActionMask = 2147483647;
			files = (
				9EEF54652208771900F4A7FA /* ViewController.swift in Sources */,
				9EEF54922208774E00F4A7FA /* SSGenderSwitch.swift in Sources */,
				9EEF54632208771900F4A7FA /* AppDelegate.swift in Sources */,
			);
			runOnlyForDeploymentPostprocessing = 0;
		};
		9EEF546F2208771B00F4A7FA /* Sources */ = {
			isa = PBXSourcesBuildPhase;
			buildActionMask = 2147483647;
			files = (
				9EEF54782208771B00F4A7FA /* SSGenderSwitchTests.swift in Sources */,
			);
			runOnlyForDeploymentPostprocessing = 0;
		};
		9EEF547A2208771B00F4A7FA /* Sources */ = {
			isa = PBXSourcesBuildPhase;
			buildActionMask = 2147483647;
			files = (
				9EEF54832208771B00F4A7FA /* SSGenderSwitchUITests.swift in Sources */,
			);
			runOnlyForDeploymentPostprocessing = 0;
		};
/* End PBXSourcesBuildPhase section */

/* Begin PBXTargetDependency section */
		9EEF54752208771B00F4A7FA /* PBXTargetDependency */ = {
			isa = PBXTargetDependency;
			target = 9EEF545E2208771900F4A7FA /* SSGenderSwitch */;
			targetProxy = 9EEF54742208771B00F4A7FA /* PBXContainerItemProxy */;
		};
		9EEF54802208771B00F4A7FA /* PBXTargetDependency */ = {
			isa = PBXTargetDependency;
			target = 9EEF545E2208771900F4A7FA /* SSGenderSwitch */;
			targetProxy = 9EEF547F2208771B00F4A7FA /* PBXContainerItemProxy */;
		};
/* End PBXTargetDependency section */

/* Begin PBXVariantGroup section */
		9EEF54662208771900F4A7FA /* Main.storyboard */ = {
			isa = PBXVariantGroup;
			children = (
				9EEF54672208771900F4A7FA /* Base */,
			);
			name = Main.storyboard;
			sourceTree = "<group>";
		};
		9EEF546B2208771B00F4A7FA /* LaunchScreen.storyboard */ = {
			isa = PBXVariantGroup;
			children = (
				9EEF546C2208771B00F4A7FA /* Base */,
			);
			name = LaunchScreen.storyboard;
			sourceTree = "<group>";
		};
/* End PBXVariantGroup section */

/* Begin XCBuildConfiguration section */
		9EEF54852208771B00F4A7FA /* Debug */ = {
			isa = XCBuildConfiguration;
			buildSettings = {
				ALWAYS_SEARCH_USER_PATHS = NO;
				CLANG_ANALYZER_NONNULL = YES;
				CLANG_ANALYZER_NUMBER_OBJECT_CONVERSION = YES_AGGRESSIVE;
				CLANG_CXX_LANGUAGE_STANDARD = "gnu++14";
				CLANG_CXX_LIBRARY = "libc++";
				CLANG_ENABLE_MODULES = YES;
				CLANG_ENABLE_OBJC_ARC = YES;
				CLANG_ENABLE_OBJC_WEAK = YES;
				CLANG_WARN_BLOCK_CAPTURE_AUTORELEASING = YES;
				CLANG_WARN_BOOL_CONVERSION = YES;
				CLANG_WARN_COMMA = YES;
				CLANG_WARN_CONSTANT_CONVERSION = YES;
				CLANG_WARN_DEPRECATED_OBJC_IMPLEMENTATIONS = YES;
				CLANG_WARN_DIRECT_OBJC_ISA_USAGE = YES_ERROR;
				CLANG_WARN_DOCUMENTATION_COMMENTS = YES;
				CLANG_WARN_EMPTY_BODY = YES;
				CLANG_WARN_ENUM_CONVERSION = YES;
				CLANG_WARN_INFINITE_RECURSION = YES;
				CLANG_WARN_INT_CONVERSION = YES;
				CLANG_WARN_NON_LITERAL_NULL_CONVERSION = YES;
				CLANG_WARN_OBJC_IMPLICIT_RETAIN_SELF = YES;
				CLANG_WARN_OBJC_LITERAL_CONVERSION = YES;
				CLANG_WARN_OBJC_ROOT_CLASS = YES_ERROR;
				CLANG_WARN_RANGE_LOOP_ANALYSIS = YES;
				CLANG_WARN_STRICT_PROTOTYPES = YES;
				CLANG_WARN_SUSPICIOUS_MOVE = YES;
				CLANG_WARN_UNGUARDED_AVAILABILITY = YES_AGGRESSIVE;
				CLANG_WARN_UNREACHABLE_CODE = YES;
				CLANG_WARN__DUPLICATE_METHOD_MATCH = YES;
				CODE_SIGN_IDENTITY = "iPhone Developer";
				COPY_PHASE_STRIP = NO;
				DEBUG_INFORMATION_FORMAT = dwarf;
				ENABLE_STRICT_OBJC_MSGSEND = YES;
				ENABLE_TESTABILITY = YES;
				GCC_C_LANGUAGE_STANDARD = gnu11;
				GCC_DYNAMIC_NO_PIC = NO;
				GCC_NO_COMMON_BLOCKS = YES;
				GCC_OPTIMIZATION_LEVEL = 0;
				GCC_PREPROCESSOR_DEFINITIONS = (
					"DEBUG=1",
					"$(inherited)",
				);
				GCC_WARN_64_TO_32_BIT_CONVERSION = YES;
				GCC_WARN_ABOUT_RETURN_TYPE = YES_ERROR;
				GCC_WARN_UNDECLARED_SELECTOR = YES;
				GCC_WARN_UNINITIALIZED_AUTOS = YES_AGGRESSIVE;
				GCC_WARN_UNUSED_FUNCTION = YES;
				GCC_WARN_UNUSED_VARIABLE = YES;
				IPHONEOS_DEPLOYMENT_TARGET = 12.1;
				MTL_ENABLE_DEBUG_INFO = INCLUDE_SOURCE;
				MTL_FAST_MATH = YES;
				ONLY_ACTIVE_ARCH = YES;
				SDKROOT = iphoneos;
				SWIFT_ACTIVE_COMPILATION_CONDITIONS = DEBUG;
				SWIFT_OPTIMIZATION_LEVEL = "-Onone";
			};
			name = Debug;
		};
		9EEF54862208771B00F4A7FA /* Release */ = {
			isa = XCBuildConfiguration;
			buildSettings = {
				ALWAYS_SEARCH_USER_PATHS = NO;
				CLANG_ANALYZER_NONNULL = YES;
				CLANG_ANALYZER_NUMBER_OBJECT_CONVERSION = YES_AGGRESSIVE;
				CLANG_CXX_LANGUAGE_STANDARD = "gnu++14";
				CLANG_CXX_LIBRARY = "libc++";
				CLANG_ENABLE_MODULES = YES;
				CLANG_ENABLE_OBJC_ARC = YES;
				CLANG_ENABLE_OBJC_WEAK = YES;
				CLANG_WARN_BLOCK_CAPTURE_AUTORELEASING = YES;
				CLANG_WARN_BOOL_CONVERSION = YES;
				CLANG_WARN_COMMA = YES;
				CLANG_WARN_CONSTANT_CONVERSION = YES;
				CLANG_WARN_DEPRECATED_OBJC_IMPLEMENTATIONS = YES;
				CLANG_WARN_DIRECT_OBJC_ISA_USAGE = YES_ERROR;
				CLANG_WARN_DOCUMENTATION_COMMENTS = YES;
				CLANG_WARN_EMPTY_BODY = YES;
				CLANG_WARN_ENUM_CONVERSION = YES;
				CLANG_WARN_INFINITE_RECURSION = YES;
				CLANG_WARN_INT_CONVERSION = YES;
				CLANG_WARN_NON_LITERAL_NULL_CONVERSION = YES;
				CLANG_WARN_OBJC_IMPLICIT_RETAIN_SELF = YES;
				CLANG_WARN_OBJC_LITERAL_CONVERSION = YES;
				CLANG_WARN_OBJC_ROOT_CLASS = YES_ERROR;
				CLANG_WARN_RANGE_LOOP_ANALYSIS = YES;
				CLANG_WARN_STRICT_PROTOTYPES = YES;
				CLANG_WARN_SUSPICIOUS_MOVE = YES;
				CLANG_WARN_UNGUARDED_AVAILABILITY = YES_AGGRESSIVE;
				CLANG_WARN_UNREACHABLE_CODE = YES;
				CLANG_WARN__DUPLICATE_METHOD_MATCH = YES;
				CODE_SIGN_IDENTITY = "iPhone Developer";
				COPY_PHASE_STRIP = NO;
				DEBUG_INFORMATION_FORMAT = "dwarf-with-dsym";
				ENABLE_NS_ASSERTIONS = NO;
				ENABLE_STRICT_OBJC_MSGSEND = YES;
				GCC_C_LANGUAGE_STANDARD = gnu11;
				GCC_NO_COMMON_BLOCKS = YES;
				GCC_WARN_64_TO_32_BIT_CONVERSION = YES;
				GCC_WARN_ABOUT_RETURN_TYPE = YES_ERROR;
				GCC_WARN_UNDECLARED_SELECTOR = YES;
				GCC_WARN_UNINITIALIZED_AUTOS = YES_AGGRESSIVE;
				GCC_WARN_UNUSED_FUNCTION = YES;
				GCC_WARN_UNUSED_VARIABLE = YES;
				IPHONEOS_DEPLOYMENT_TARGET = 12.1;
				MTL_ENABLE_DEBUG_INFO = NO;
				MTL_FAST_MATH = YES;
				SDKROOT = iphoneos;
				SWIFT_COMPILATION_MODE = wholemodule;
				SWIFT_OPTIMIZATION_LEVEL = "-O";
				VALIDATE_PRODUCT = YES;
			};
			name = Release;
		};
		9EEF54882208771B00F4A7FA /* Debug */ = {
			isa = XCBuildConfiguration;
			baseConfigurationReference = 22473768D11F08773009CBE8 /* Pods-SSGenderSwitch.debug.xcconfig */;
			buildSettings = {
				ASSETCATALOG_COMPILER_APPICON_NAME = AppIcon;
				CODE_SIGN_STYLE = Automatic;
				DEVELOPMENT_TEAM = L6A6DC2V8F;
				INFOPLIST_FILE = SSGenderSwitch/Info.plist;
				IPHONEOS_DEPLOYMENT_TARGET = 11.0;
				LD_RUNPATH_SEARCH_PATHS = "$(inherited) @executable_path/Frameworks";
				PRODUCT_BUNDLE_IDENTIFIER = com.augray.SSGenderSwitch;
				PRODUCT_NAME = "$(TARGET_NAME)";
				SWIFT_VERSION = 4.2;
				TARGETED_DEVICE_FAMILY = "1,2";
			};
			name = Debug;
		};
		9EEF54892208771B00F4A7FA /* Release */ = {
			isa = XCBuildConfiguration;
			baseConfigurationReference = 5A9BE2CCD303217D427FDF4B /* Pods-SSGenderSwitch.release.xcconfig */;
			buildSettings = {
				ASSETCATALOG_COMPILER_APPICON_NAME = AppIcon;
				CODE_SIGN_STYLE = Automatic;
				DEVELOPMENT_TEAM = L6A6DC2V8F;
				INFOPLIST_FILE = SSGenderSwitch/Info.plist;
				IPHONEOS_DEPLOYMENT_TARGET = 11.0;
				LD_RUNPATH_SEARCH_PATHS = "$(inherited) @executable_path/Frameworks";
				PRODUCT_BUNDLE_IDENTIFIER = com.augray.SSGenderSwitch;
				PRODUCT_NAME = "$(TARGET_NAME)";
				SWIFT_VERSION = 4.2;
				TARGETED_DEVICE_FAMILY = "1,2";
			};
			name = Release;
		};
		9EEF548B2208771B00F4A7FA /* Debug */ = {
			isa = XCBuildConfiguration;
			baseConfigurationReference = 8AE7BFB500EB1FCCB86942D6 /* Pods-SSGenderSwitchTests.debug.xcconfig */;
			buildSettings = {
				ALWAYS_EMBED_SWIFT_STANDARD_LIBRARIES = YES;
				BUNDLE_LOADER = "$(TEST_HOST)";
				CODE_SIGN_STYLE = Automatic;
				DEVELOPMENT_TEAM = L6A6DC2V8F;
				INFOPLIST_FILE = SSGenderSwitchTests/Info.plist;
				LD_RUNPATH_SEARCH_PATHS = "$(inherited) @executable_path/Frameworks @loader_path/Frameworks";
				PRODUCT_BUNDLE_IDENTIFIER = com.augray.SSGenderSwitchTests;
				PRODUCT_NAME = "$(TARGET_NAME)";
				SWIFT_VERSION = 4.2;
				TARGETED_DEVICE_FAMILY = "1,2";
				TEST_HOST = "$(BUILT_PRODUCTS_DIR)/SSGenderSwitch.app/SSGenderSwitch";
			};
			name = Debug;
		};
		9EEF548C2208771B00F4A7FA /* Release */ = {
			isa = XCBuildConfiguration;
			baseConfigurationReference = AE512F3E59E1D782769D5EF7 /* Pods-SSGenderSwitchTests.release.xcconfig */;
			buildSettings = {
				ALWAYS_EMBED_SWIFT_STANDARD_LIBRARIES = YES;
				BUNDLE_LOADER = "$(TEST_HOST)";
				CODE_SIGN_STYLE = Automatic;
				DEVELOPMENT_TEAM = L6A6DC2V8F;
				INFOPLIST_FILE = SSGenderSwitchTests/Info.plist;
				LD_RUNPATH_SEARCH_PATHS = "$(inherited) @executable_path/Frameworks @loader_path/Frameworks";
				PRODUCT_BUNDLE_IDENTIFIER = com.augray.SSGenderSwitchTests;
				PRODUCT_NAME = "$(TARGET_NAME)";
				SWIFT_VERSION = 4.2;
				TARGETED_DEVICE_FAMILY = "1,2";
				TEST_HOST = "$(BUILT_PRODUCTS_DIR)/SSGenderSwitch.app/SSGenderSwitch";
			};
			name = Release;
		};
		9EEF548E2208771B00F4A7FA /* Debug */ = {
			isa = XCBuildConfiguration;
			baseConfigurationReference = FC60FB6C09DA6394C38E8F27 /* Pods-SSGenderSwitchUITests.debug.xcconfig */;
			buildSettings = {
				ALWAYS_EMBED_SWIFT_STANDARD_LIBRARIES = YES;
				CODE_SIGN_STYLE = Automatic;
				DEVELOPMENT_TEAM = L6A6DC2V8F;
				INFOPLIST_FILE = SSGenderSwitchUITests/Info.plist;
				LD_RUNPATH_SEARCH_PATHS = "$(inherited) @executable_path/Frameworks @loader_path/Frameworks";
				PRODUCT_BUNDLE_IDENTIFIER = com.augray.SSGenderSwitchUITests;
				PRODUCT_NAME = "$(TARGET_NAME)";
				SWIFT_VERSION = 4.2;
				TARGETED_DEVICE_FAMILY = "1,2";
				TEST_TARGET_NAME = SSGenderSwitch;
			};
			name = Debug;
		};
		9EEF548F2208771B00F4A7FA /* Release */ = {
			isa = XCBuildConfiguration;
			baseConfigurationReference = 76C5BCF20CBFCF07E2DC89EB /* Pods-SSGenderSwitchUITests.release.xcconfig */;
			buildSettings = {
				ALWAYS_EMBED_SWIFT_STANDARD_LIBRARIES = YES;
				CODE_SIGN_STYLE = Automatic;
				DEVELOPMENT_TEAM = L6A6DC2V8F;
				INFOPLIST_FILE = SSGenderSwitchUITests/Info.plist;
				LD_RUNPATH_SEARCH_PATHS = "$(inherited) @executable_path/Frameworks @loader_path/Frameworks";
				PRODUCT_BUNDLE_IDENTIFIER = com.augray.SSGenderSwitchUITests;
				PRODUCT_NAME = "$(TARGET_NAME)";
				SWIFT_VERSION = 4.2;
				TARGETED_DEVICE_FAMILY = "1,2";
				TEST_TARGET_NAME = SSGenderSwitch;
			};
			name = Release;
		};
/* End XCBuildConfiguration section */

/* Begin XCConfigurationList section */
		9EEF545A2208771900F4A7FA /* Build configuration list for PBXProject "SSGenderSwitch" */ = {
			isa = XCConfigurationList;
			buildConfigurations = (
				9EEF54852208771B00F4A7FA /* Debug */,
				9EEF54862208771B00F4A7FA /* Release */,
			);
			defaultConfigurationIsVisible = 0;
			defaultConfigurationName = Release;
		};
		9EEF54872208771B00F4A7FA /* Build configuration list for PBXNativeTarget "SSGenderSwitch" */ = {
			isa = XCConfigurationList;
			buildConfigurations = (
				9EEF54882208771B00F4A7FA /* Debug */,
				9EEF54892208771B00F4A7FA /* Release */,
			);
			defaultConfigurationIsVisible = 0;
			defaultConfigurationName = Release;
		};
		9EEF548A2208771B00F4A7FA /* Build configuration list for PBXNativeTarget "SSGenderSwitchTests" */ = {
			isa = XCConfigurationList;
			buildConfigurations = (
				9EEF548B2208771B00F4A7FA /* Debug */,
				9EEF548C2208771B00F4A7FA /* Release */,
			);
			defaultConfigurationIsVisible = 0;
			defaultConfigurationName = Release;
		};
		9EEF548D2208771B00F4A7FA /* Build configuration list for PBXNativeTarget "SSGenderSwitchUITests" */ = {
			isa = XCConfigurationList;
			buildConfigurations = (
				9EEF548E2208771B00F4A7FA /* Debug */,
				9EEF548F2208771B00F4A7FA /* Release */,
			);
			defaultConfigurationIsVisible = 0;
			defaultConfigurationName = Release;
		};
/* End XCConfigurationList section */
	};
	rootObject = 9EEF54572208771900F4A7FA /* Project object */;
}
